
Microsoft Visual Studio Solution File, Format Version 12.00
# Visual Studio Version 17
VisualStudioVersion = 17.4.33110.190
MinimumVisualStudioVersion = 10.0.40219.1
Project("{FAE04EC0-301F-11D3-BF4B-00C04F79EFBC}") = "PersonCollectionProject", "PersonCollectionProject\PersonCollectionProject.csproj", "{204FF592-324C-4F13-877E-5698F75C918C}"
EndProject
Global
	GlobalSection(SolutionConfigurationPlatforms) = preSolution
		Debug|Any CPU = Debug|Any CPU
		Release|Any CPU = Release|Any CPU
	EndGlobalSection
	GlobalSection(ProjectConfigurationPlatforms) = postSolution
		{204FF592-324C-4F13-877E-5698F75C918C}.Debug|Any CPU.ActiveCfg = Debug|Any CPU
		{204FF592-324C-4F13-877E-5698F75C918C}.Debug|Any CPU.Build.0 = Debug|Any CPU
		{204FF592-324C-4F13-877E-5698F75C918C}.Release|Any CPU.ActiveCfg = Release|Any CPU
		{204FF592-324C-4F13-877E-5698F75C918C}.Release|Any CPU.Build.0 = Release|Any CPU
	EndGlobalSection
	GlobalSection(SolutionProperties) = preSolution
		HideSolutionNode = FALSE
	EndGlobalSection
	GlobalSection(ExtensibilityGlobals) = postSolution
		SolutionGuid = {D70C9102-0A72-4A16-B2AA-A9ABC5E450F5}
	EndGlobalSection
EndGlobal
